
Microsoft Visual Studio Solution File, Format Version 12.00
# Visual Studio 15
VisualStudioVersion = 15.0.28010.2016
MinimumVisualStudioVersion = 10.0.40219.1
Project("{FAE04EC0-301F-11D3-BF4B-00C04F79EFBC}") = "HttpModulePractice", "HttpModulePractice\HttpModulePractice.csproj", "{20B1B5D8-5073-426F-A084-0F38E622A463}"
EndProject
Global
	GlobalSection(SolutionConfigurationPlatforms) = preSolution
		Debug|Any CPU = Debug|Any CPU
		Release|Any CPU = Release|Any CPU
	EndGlobalSection
	GlobalSection(ProjectConfigurationPlatforms) = postSolution
		{20B1B5D8-5073-426F-A084-0F38E622A463}.Debug|Any CPU.ActiveCfg = Debug|Any CPU
		{20B1B5D8-5073-426F-A084-0F38E622A463}.Debug|Any CPU.Build.0 = Debug|Any CPU
		{20B1B5D8-5073-426F-A084-0F38E622A463}.Release|Any CPU.ActiveCfg = Release|Any CPU
		{20B1B5D8-5073-426F-A084-0F38E622A463}.Release|Any CPU.Build.0 = Release|Any CPU
	EndGlobalSection
	GlobalSection(SolutionProperties) = preSolution
		HideSolutionNode = FALSE
	EndGlobalSection
	GlobalSection(ExtensibilityGlobals) = postSolution
		SolutionGuid = {FE9837D4-6861-4FB3-AFE8-3E7DF63E2961}
	EndGlobalSection
EndGlobal
